{
  "name": "cdk-fargate-docker-starter",
  "version": "0.1.0",
  "lockfileVersion": 1,
  "requires": true,
  "dependencies": {
    "@aws-cdk/assets": {
      "version": "1.13.1",
      "resolved": "https://registry.npmjs.org/@aws-cdk/assets/-/assets-1.13.1.tgz",
      "integrity": "sha512-xm+C0HxhZS8+ClhEOMvVcN+IGHisch4ZLEOHuQ7KMp9HELcOHL3FJgMkuMFh93ytJM4D3nbzqU4W/4MHck/E2Q==",
      "dev": true,
      "requires": {
        "@aws-cdk/core": "1.13.1",
        "@aws-cdk/cx-api": "1.13.1",
        "minimatch": "^3.0.4"
      },
      "dependencies": {
        "balanced-match": {
          "version": "1.0.0",
          "bundled": true,
          "dev": true
        },
        "brace-expansion": {
          "version": "1.1.11",
          "bundled": true,
          "dev": true,
          "requires": {
            "balanced-match": "^1.0.0",
            "concat-map": "0.0.1"
          }
        },
        "concat-map": {
          "version": "0.0.1",
          "bundled": true,
          "dev": true
        },
        "minimatch": {
          "version": "3.0.4",
          "bundled": true,
          "dev": true,
          "requires": {
            "brace-expansion": "^1.1.7"
          }
        }
      }
    },
    "@aws-cdk/aws-apigateway": {
      "version": "1.13.1",
      "resolved": "https://registry.npmjs.org/@aws-cdk/aws-apigateway/-/aws-apigateway-1.13.1.tgz",
      "integrity": "sha512-4hoU18N32scdkcSuSnV2+vKbLojaHZMY2iMUzZRKUT17+H5u/mgltJfgZHWncnqP+XHhVB01HoOUPuVMejgVgg==",
      "dev": true,
      "requires": {
        "@aws-cdk/aws-certificatemanager": "1.13.1",
        "@aws-cdk/aws-elasticloadbalancingv2": "1.13.1",
        "@aws-cdk/aws-iam": "1.13.1",
        "@aws-cdk/aws-lambda": "1.13.1",
        "@aws-cdk/core": "1.13.1"
      }
    },
    "@aws-cdk/aws-applicationautoscaling": {
      "version": "1.13.1",
      "resolved": "https://registry.npmjs.org/@aws-cdk/aws-applicationautoscaling/-/aws-applicationautoscaling-1.13.1.tgz",
      "integrity": "sha512-p5XJFmXDT+z3+6ZVGPKoMDtZAx8EKPIlByoV5x/kw6WsCqyI9d7vtHQ+RdV6aY8+LVi3jHikj4NLViqj35kVfw==",
      "dev": true,
      "requires": {
        "@aws-cdk/aws-autoscaling-common": "1.13.1",
        "@aws-cdk/aws-cloudwatch": "1.13.1",
        "@aws-cdk/aws-iam": "1.13.1",
        "@aws-cdk/core": "1.13.1"
      }
    },
    "@aws-cdk/aws-autoscaling": {
      "version": "1.13.1",
      "resolved": "https://registry.npmjs.org/@aws-cdk/aws-autoscaling/-/aws-autoscaling-1.13.1.tgz",
      "integrity": "sha512-1ghXK48R2fO6wE3uMHNNI9yZGV8uy5mXHXsxSrWjSLTG7WbmDu051yTLzMG5g+nU1zhkQhhTYZu7hbcPlKQ84g==",
      "dev": true,
      "requires": {
        "@aws-cdk/aws-autoscaling-common": "1.13.1",
        "@aws-cdk/aws-cloudwatch": "1.13.1",
        "@aws-cdk/aws-ec2": "1.13.1",
        "@aws-cdk/aws-elasticloadbalancing": "1.13.1",
        "@aws-cdk/aws-elasticloadbalancingv2": "1.13.1",
        "@aws-cdk/aws-iam": "1.13.1",
        "@aws-cdk/aws-sns": "1.13.1",
        "@aws-cdk/core": "1.13.1"
      }
    },
    "@aws-cdk/aws-autoscaling-common": {
      "version": "1.13.1",
      "resolved": "https://registry.npmjs.org/@aws-cdk/aws-autoscaling-common/-/aws-autoscaling-common-1.13.1.tgz",
      "integrity": "sha512-diMr25jg923jGFPWDhihQbCzW1ZTEYziWSJvpRphqzoo3DbBDHFs5kSy2JqCbK/C6Bh4yzso0s39nXn/tgF+yA==",
      "dev": true,
      "requires": {
        "@aws-cdk/aws-iam": "1.13.1",
        "@aws-cdk/core": "1.13.1"
      }
    },
    "@aws-cdk/aws-autoscaling-hooktargets": {
      "version": "1.13.1",
      "resolved": "https://registry.npmjs.org/@aws-cdk/aws-autoscaling-hooktargets/-/aws-autoscaling-hooktargets-1.13.1.tgz",
      "integrity": "sha512-OgtBm+L8hzHt0d+oYitkhb5Sd1ri9atznCzGsnVZVLcW0q1lyIYFCDGFKfmx5FAGRp6LVDahxO9RORagC+baow==",
      "dev": true,
      "requires": {
        "@aws-cdk/aws-autoscaling": "1.13.1",
        "@aws-cdk/aws-iam": "1.13.1",
        "@aws-cdk/aws-lambda": "1.13.1",
        "@aws-cdk/aws-sns": "1.13.1",
        "@aws-cdk/aws-sns-subscriptions": "1.13.1",
        "@aws-cdk/aws-sqs": "1.13.1",
        "@aws-cdk/core": "1.13.1"
      }
    },
    "@aws-cdk/aws-certificatemanager": {
      "version": "1.13.1",
      "resolved": "https://registry.npmjs.org/@aws-cdk/aws-certificatemanager/-/aws-certificatemanager-1.13.1.tgz",
      "integrity": "sha512-9nM4i/ptI8rv/soqMZyJS4MeZOThEHChZqcWtQGh0sl2UO2hVEVj/S91zKhOlLKT8744LFVVybAgm7Nxlc9eGQ==",
      "dev": true,
      "requires": {
        "@aws-cdk/aws-cloudformation": "1.13.1",
        "@aws-cdk/aws-iam": "1.13.1",
        "@aws-cdk/aws-lambda": "1.13.1",
        "@aws-cdk/aws-route53": "1.13.1",
        "@aws-cdk/core": "1.13.1"
      }
    },
    "@aws-cdk/aws-cloudformation": {
      "version": "1.13.1",
      "resolved": "https://registry.npmjs.org/@aws-cdk/aws-cloudformation/-/aws-cloudformation-1.13.1.tgz",
      "integrity": "sha512-iQOXUY4qX8pgmxnriAz5SiwAOZtOJx4+mPTVlKA7Td+ww6Vu21ZW5OHuhrcrsFBFI7s0Tm4uwSrIhQHQ2MvRoQ==",
      "dev": true,
      "requires": {
        "@aws-cdk/aws-iam": "1.13.1",
        "@aws-cdk/aws-lambda": "1.13.1",
        "@aws-cdk/aws-s3": "1.13.1",
        "@aws-cdk/aws-sns": "1.13.1",
        "@aws-cdk/core": "1.13.1",
        "@aws-cdk/cx-api": "1.13.1"
      }
    },
    "@aws-cdk/aws-cloudfront": {
      "version": "1.13.1",
      "resolved": "https://registry.npmjs.org/@aws-cdk/aws-cloudfront/-/aws-cloudfront-1.13.1.tgz",
      "integrity": "sha512-NQQBbQqhmsF5aGBQz+VVPZf1gFDHnl2rAud46zGaxFTNqrAE22FXgSxBPJCNWV6sgv/XxnjacA/keVnqTbqUAQ==",
      "dev": true,
      "requires": {
        "@aws-cdk/aws-certificatemanager": "1.13.1",
        "@aws-cdk/aws-iam": "1.13.1",
        "@aws-cdk/aws-kms": "1.13.1",
        "@aws-cdk/aws-lambda": "1.13.1",
        "@aws-cdk/aws-s3": "1.13.1",
        "@aws-cdk/core": "1.13.1"
      }
    },
    "@aws-cdk/aws-cloudwatch": {
      "version": "1.13.1",
      "resolved": "https://registry.npmjs.org/@aws-cdk/aws-cloudwatch/-/aws-cloudwatch-1.13.1.tgz",
      "integrity": "sha512-HZ+5al6Vh3hvyRcPAw69TldQ/1OGBaHaN7t0A1OpCKzD9CYMIthOry6dlbc0kNEYlI3ZaxH8IjpSuh1KoKiVyw==",
      "dev": true,
      "requires": {
        "@aws-cdk/aws-iam": "1.13.1",
        "@aws-cdk/core": "1.13.1"
      }
    },
    "@aws-cdk/aws-ec2": {
      "version": "1.13.1",
      "resolved": "https://registry.npmjs.org/@aws-cdk/aws-ec2/-/aws-ec2-1.13.1.tgz",
      "integrity": "sha512-yr2l24awwKaEhNpHTixXCLuUvmGh+O8mBdOTmHxmArF+oy+biM5B5f/H0nxsQ7dwACDkkwD5By7yZgXfMBxzXQ==",
      "dev": true,
      "requires": {
        "@aws-cdk/aws-cloudwatch": "1.13.1",
        "@aws-cdk/aws-iam": "1.13.1",
        "@aws-cdk/aws-ssm": "1.13.1",
        "@aws-cdk/core": "1.13.1",
        "@aws-cdk/cx-api": "1.13.1"
      }
    },
    "@aws-cdk/aws-ecr": {
      "version": "1.13.1",
      "resolved": "https://registry.npmjs.org/@aws-cdk/aws-ecr/-/aws-ecr-1.13.1.tgz",
      "integrity": "sha512-L6vvQsd6I9r4S1S4ii+NBnGuFX/cjuMoqD9mbjO9yaQrG6Mu+KMZIg2l2s8pjjfBC4myrzHTwyJtQygGWz1hyQ==",
      "dev": true,
      "requires": {
        "@aws-cdk/aws-events": "1.13.1",
        "@aws-cdk/aws-iam": "1.13.1",
        "@aws-cdk/core": "1.13.1"
      }
    },
    "@aws-cdk/aws-ecr-assets": {
      "version": "1.13.1",
      "resolved": "https://registry.npmjs.org/@aws-cdk/aws-ecr-assets/-/aws-ecr-assets-1.13.1.tgz",
      "integrity": "sha512-qMxfbH+zwTdCrp/v60ecHt5C33ThPYSsSFNsWUihe8Y74J7ykcW2TzSTqk43HhnCNyPgZaR5h8HbwnWy++ClqA==",
      "dev": true,
      "requires": {
        "@aws-cdk/assets": "1.13.1",
        "@aws-cdk/aws-cloudformation": "1.13.1",
        "@aws-cdk/aws-ecr": "1.13.1",
        "@aws-cdk/aws-iam": "1.13.1",
        "@aws-cdk/aws-lambda": "1.13.1",
        "@aws-cdk/aws-s3": "1.13.1",
        "@aws-cdk/core": "1.13.1",
        "@aws-cdk/cx-api": "1.13.1"
      }
    },
    "@aws-cdk/aws-ecs": {
      "version": "1.13.1",
      "resolved": "https://registry.npmjs.org/@aws-cdk/aws-ecs/-/aws-ecs-1.13.1.tgz",
      "integrity": "sha512-HVxxORI9lSrd8SslJgmGjEqnXg2s2tnt2JNaBso5EXH+veMC9Ph7LWlNghr8zID/1Bx7fVg1KYgKypstEsWJ3g==",
      "dev": true,
      "requires": {
        "@aws-cdk/aws-applicationautoscaling": "1.13.1",
        "@aws-cdk/aws-autoscaling": "1.13.1",
        "@aws-cdk/aws-autoscaling-hooktargets": "1.13.1",
        "@aws-cdk/aws-certificatemanager": "1.13.1",
        "@aws-cdk/aws-cloudformation": "1.13.1",
        "@aws-cdk/aws-cloudwatch": "1.13.1",
        "@aws-cdk/aws-ec2": "1.13.1",
        "@aws-cdk/aws-ecr": "1.13.1",
        "@aws-cdk/aws-ecr-assets": "1.13.1",
        "@aws-cdk/aws-elasticloadbalancing": "1.13.1",
        "@aws-cdk/aws-elasticloadbalancingv2": "1.13.1",
        "@aws-cdk/aws-iam": "1.13.1",
        "@aws-cdk/aws-lambda": "1.13.1",
        "@aws-cdk/aws-logs": "1.13.1",
        "@aws-cdk/aws-route53": "1.13.1",
        "@aws-cdk/aws-route53-targets": "1.13.1",
        "@aws-cdk/aws-secretsmanager": "1.13.1",
        "@aws-cdk/aws-servicediscovery": "1.13.1",
        "@aws-cdk/aws-sns": "1.13.1",
        "@aws-cdk/aws-sqs": "1.13.1",
        "@aws-cdk/aws-ssm": "1.13.1",
        "@aws-cdk/core": "1.13.1",
        "@aws-cdk/cx-api": "1.13.1"
      }
    },
    "@aws-cdk/aws-elasticloadbalancing": {
      "version": "1.13.1",
      "resolved": "https://registry.npmjs.org/@aws-cdk/aws-elasticloadbalancing/-/aws-elasticloadbalancing-1.13.1.tgz",
      "integrity": "sha512-x/ysL9srjeSCdey27alnqJbT1VKxIoGkOB8/8NHoNL4aw6vommDQPYS5wzqyE3OaFoSntKus4mVByYBAGlYdzw==",
      "dev": true,
      "requires": {
        "@aws-cdk/aws-ec2": "1.13.1",
        "@aws-cdk/core": "1.13.1"
      }
    },
    "@aws-cdk/aws-elasticloadbalancingv2": {
      "version": "1.13.1",
      "resolved": "https://registry.npmjs.org/@aws-cdk/aws-elasticloadbalancingv2/-/aws-elasticloadbalancingv2-1.13.1.tgz",
      "integrity": "sha512-YMWIayO2siSzPWk0S1/pcdU/cPQvs0d25ig0jkg1Z+ULpCsjReRHEi6x4Q8JSMUuLQCBwEDajyW8DC/LOGSJlQ==",
      "dev": true,
      "requires": {
        "@aws-cdk/aws-certificatemanager": "1.13.1",
        "@aws-cdk/aws-cloudwatch": "1.13.1",
        "@aws-cdk/aws-ec2": "1.13.1",
        "@aws-cdk/aws-iam": "1.13.1",
        "@aws-cdk/aws-lambda": "1.13.1",
        "@aws-cdk/aws-s3": "1.13.1",
        "@aws-cdk/core": "1.13.1"
      }
    },
    "@aws-cdk/aws-events": {
      "version": "1.13.1",
      "resolved": "https://registry.npmjs.org/@aws-cdk/aws-events/-/aws-events-1.13.1.tgz",
      "integrity": "sha512-QDMxs5hMRNzSxzzDXZj5M/ffJCmdmmJ9U0vpEBhhNXCM4eafO92fTgj5HeVXKVykxVF8IGtBG5wngszEMLdiug==",
      "dev": true,
      "requires": {
        "@aws-cdk/aws-iam": "1.13.1",
        "@aws-cdk/core": "1.13.1"
      }
    },
    "@aws-cdk/aws-iam": {
      "version": "1.13.1",
      "resolved": "https://registry.npmjs.org/@aws-cdk/aws-iam/-/aws-iam-1.13.1.tgz",
      "integrity": "sha512-jbqergYkRdBuLJL3Pd4RnXRyu8uao17dnA4LPiF48fFsBiMvpDnWGVEkbHA9xqb+StuOssg5WKKZip4lO1Uy5A==",
      "dev": true,
      "requires": {
        "@aws-cdk/core": "1.13.1",
        "@aws-cdk/region-info": "1.13.1"
      }
    },
    "@aws-cdk/aws-kms": {
      "version": "1.13.1",
      "resolved": "https://registry.npmjs.org/@aws-cdk/aws-kms/-/aws-kms-1.13.1.tgz",
      "integrity": "sha512-hryLKR2Vw29fnyLoc71GChefjti5wa02urafRumEhJFfRpD+jrntEyGRRMyTZzhOg5aT7D14k2kxiBhFT56PLw==",
      "dev": true,
      "requires": {
        "@aws-cdk/aws-iam": "1.13.1",
        "@aws-cdk/core": "1.13.1"
      }
    },
    "@aws-cdk/aws-lambda": {
      "version": "1.13.1",
      "resolved": "https://registry.npmjs.org/@aws-cdk/aws-lambda/-/aws-lambda-1.13.1.tgz",
      "integrity": "sha512-VDQr0Rtfam7moOvT9PdKZwtNkppRnrYuR14hfAwXkvdnjM3D131V1MAtvPIjBwtyPJcHdg+f5MwS6psd4Vm/HA==",
      "dev": true,
      "requires": {
        "@aws-cdk/aws-cloudwatch": "1.13.1",
        "@aws-cdk/aws-ec2": "1.13.1",
        "@aws-cdk/aws-events": "1.13.1",
        "@aws-cdk/aws-iam": "1.13.1",
        "@aws-cdk/aws-logs": "1.13.1",
        "@aws-cdk/aws-s3": "1.13.1",
        "@aws-cdk/aws-s3-assets": "1.13.1",
        "@aws-cdk/aws-sqs": "1.13.1",
        "@aws-cdk/core": "1.13.1",
        "@aws-cdk/cx-api": "1.13.1"
      }
    },
    "@aws-cdk/aws-logs": {
      "version": "1.13.1",
      "resolved": "https://registry.npmjs.org/@aws-cdk/aws-logs/-/aws-logs-1.13.1.tgz",
      "integrity": "sha512-QTlInOxcFoV6NgRJsrMahhCqZUSSx4747//2+OemcpbczLv+Cg9qH9AOnX3Tv3/DuuIZlSfuus0vcXezRsLozw==",
      "dev": true,
      "requires": {
        "@aws-cdk/aws-cloudwatch": "1.13.1",
        "@aws-cdk/aws-iam": "1.13.1",
        "@aws-cdk/core": "1.13.1"
      }
    },
    "@aws-cdk/aws-route53": {
      "version": "1.13.1",
      "resolved": "https://registry.npmjs.org/@aws-cdk/aws-route53/-/aws-route53-1.13.1.tgz",
      "integrity": "sha512-Q5+lcDyySyps3l8cozJJtKD2HJcyDBMPVc4Dic8EOQEeYAgtu1jPvzOloviJ3fnGwzYnpzHSXTrQZIivifIHUQ==",
      "dev": true,
      "requires": {
        "@aws-cdk/aws-ec2": "1.13.1",
        "@aws-cdk/aws-logs": "1.13.1",
        "@aws-cdk/core": "1.13.1",
        "@aws-cdk/cx-api": "1.13.1"
      }
    },
    "@aws-cdk/aws-route53-targets": {
      "version": "1.13.1",
      "resolved": "https://registry.npmjs.org/@aws-cdk/aws-route53-targets/-/aws-route53-targets-1.13.1.tgz",
      "integrity": "sha512-avl6Dk4uA95LsBNLEZcppWbQHAsJsUJUKZRYP0GmY6S/d8KnjUlNA+sCUnAtVhSg4Vd7SQP73vb43p4RUUmOPQ==",
      "dev": true,
      "requires": {
        "@aws-cdk/aws-apigateway": "1.13.1",
        "@aws-cdk/aws-cloudfront": "1.13.1",
        "@aws-cdk/aws-elasticloadbalancing": "1.13.1",
        "@aws-cdk/aws-elasticloadbalancingv2": "1.13.1",
        "@aws-cdk/aws-iam": "1.13.1",
        "@aws-cdk/aws-route53": "1.13.1",
        "@aws-cdk/aws-s3": "1.13.1",
        "@aws-cdk/core": "1.13.1",
        "@aws-cdk/region-info": "1.13.1"
      }
    },
    "@aws-cdk/aws-s3": {
      "version": "1.13.1",
      "resolved": "https://registry.npmjs.org/@aws-cdk/aws-s3/-/aws-s3-1.13.1.tgz",
      "integrity": "sha512-VLX+4ppcCGjwxbL8WmhC+wA5osKNW3MXF61qQCDVW476//S/z+epKjI9RGDdRFyGifYVp/Y+n9yiD8eRvpIGCg==",
      "dev": true,
      "requires": {
        "@aws-cdk/aws-events": "1.13.1",
        "@aws-cdk/aws-iam": "1.13.1",
        "@aws-cdk/aws-kms": "1.13.1",
        "@aws-cdk/core": "1.13.1"
      }
    },
    "@aws-cdk/aws-s3-assets": {
      "version": "1.13.1",
      "resolved": "https://registry.npmjs.org/@aws-cdk/aws-s3-assets/-/aws-s3-assets-1.13.1.tgz",
      "integrity": "sha512-0gaNDFPyTLOXAWq3HBSMi8A8654xPOJrM4g1VQn1AQe+Pde4D8oLmtKpw9Z3p6ZFVsPSNFvDejAv0stXxUDt8g==",
      "dev": true,
      "requires": {
        "@aws-cdk/assets": "1.13.1",
        "@aws-cdk/aws-iam": "1.13.1",
        "@aws-cdk/aws-s3": "1.13.1",
        "@aws-cdk/core": "1.13.1",
        "@aws-cdk/cx-api": "1.13.1"
      }
    },
    "@aws-cdk/aws-secretsmanager": {
      "version": "1.13.1",
      "resolved": "https://registry.npmjs.org/@aws-cdk/aws-secretsmanager/-/aws-secretsmanager-1.13.1.tgz",
      "integrity": "sha512-vGvBW9AFO5gHHFQwkh0VlsSDYdsJiRtBrWFlLceqeKZEdHqEkL0iV3Yyj5mt4lbVFRq3UbZvCxWVa8GgZ0jPfg==",
      "dev": true,
      "requires": {
        "@aws-cdk/aws-ec2": "1.13.1",
        "@aws-cdk/aws-iam": "1.13.1",
        "@aws-cdk/aws-kms": "1.13.1",
        "@aws-cdk/aws-lambda": "1.13.1",
        "@aws-cdk/core": "1.13.1"
      }
    },
    "@aws-cdk/aws-servicediscovery": {
      "version": "1.13.1",
      "resolved": "https://registry.npmjs.org/@aws-cdk/aws-servicediscovery/-/aws-servicediscovery-1.13.1.tgz",
      "integrity": "sha512-iuD1TvI3RYhcKub1bXJHljY4/LsYBjfZ4ns8oRX8wTZdKTGn6KjuIL1FzsIpEPDnj6GSv9bDAmBNjNfNb+ctiQ==",
      "dev": true,
      "requires": {
        "@aws-cdk/aws-ec2": "1.13.1",
        "@aws-cdk/aws-elasticloadbalancingv2": "1.13.1",
        "@aws-cdk/aws-route53": "1.13.1",
        "@aws-cdk/core": "1.13.1"
      }
    },
    "@aws-cdk/aws-sns": {
      "version": "1.13.1",
      "resolved": "https://registry.npmjs.org/@aws-cdk/aws-sns/-/aws-sns-1.13.1.tgz",
      "integrity": "sha512-6/WDbiqBlDw088mkDCDmdASAE745tWw9XihwSLLwcLNueLqDx4Wd3qaORTMxwZG2H5Ebia+2mJjENrAbIAzppQ==",
      "dev": true,
      "requires": {
        "@aws-cdk/aws-cloudwatch": "1.13.1",
        "@aws-cdk/aws-events": "1.13.1",
        "@aws-cdk/aws-iam": "1.13.1",
        "@aws-cdk/core": "1.13.1"
      }
    },
    "@aws-cdk/aws-sns-subscriptions": {
      "version": "1.13.1",
      "resolved": "https://registry.npmjs.org/@aws-cdk/aws-sns-subscriptions/-/aws-sns-subscriptions-1.13.1.tgz",
      "integrity": "sha512-J9t1g4ooCGlLXnuzWU15QrWB7/JB/9hSBv1XTdbrZXuknbUpps9eUAI/4NZRve576XSw9FJtbl2VxFvvEbY+jg==",
      "dev": true,
      "requires": {
        "@aws-cdk/aws-iam": "1.13.1",
        "@aws-cdk/aws-lambda": "1.13.1",
        "@aws-cdk/aws-sns": "1.13.1",
        "@aws-cdk/aws-sqs": "1.13.1",
        "@aws-cdk/core": "1.13.1"
      }
    },
    "@aws-cdk/aws-sqs": {
      "version": "1.13.1",
      "resolved": "https://registry.npmjs.org/@aws-cdk/aws-sqs/-/aws-sqs-1.13.1.tgz",
      "integrity": "sha512-8liCiPJlrbpRzqXeYkI/pMIOSYdHNg3T1LEanEry6Fb8P8zksmybexWZScBtap/4aJY14SAcudAFi+osxjrHgw==",
      "dev": true,
      "requires": {
        "@aws-cdk/aws-cloudwatch": "1.13.1",
        "@aws-cdk/aws-iam": "1.13.1",
        "@aws-cdk/aws-kms": "1.13.1",
        "@aws-cdk/core": "1.13.1"
      }
    },
    "@aws-cdk/aws-ssm": {
      "version": "1.13.1",
      "resolved": "https://registry.npmjs.org/@aws-cdk/aws-ssm/-/aws-ssm-1.13.1.tgz",
      "integrity": "sha512-DCEqzUV5BI34gWmJwsQCD+GQJFYMeCaVo2jPKBmJaQRrLtJOt5Ywfs4xMGL3Flzag1Lk7t7cSmIs4WI9xuR7zg==",
      "dev": true,
      "requires": {
        "@aws-cdk/aws-iam": "1.13.1",
        "@aws-cdk/core": "1.13.1",
        "@aws-cdk/cx-api": "1.13.1"
      }
    },
    "@aws-cdk/core": {
      "version": "1.13.1",
      "resolved": "https://registry.npmjs.org/@aws-cdk/core/-/core-1.13.1.tgz",
      "integrity": "sha512-6fxs1nWK0Qx5mTgMi+rsUoRv79nyGZEK+w7fu6ZT/wDXoKcZE/QTK/45rNaBKboghp38gI/I374Rf/Amen3Ncg==",
      "dev": true,
      "requires": {
        "@aws-cdk/cx-api": "1.13.1"
      }
    },
    "@aws-cdk/cx-api": {
      "version": "1.13.1",
      "resolved": "https://registry.npmjs.org/@aws-cdk/cx-api/-/cx-api-1.13.1.tgz",
      "integrity": "sha512-JgC807LXjK3BVVNxK7QQuYIYNCFRzeNCHggl7j0F1XlF7kxpzM+EDbR8E2ESZkTTblsEHJ4c7cWm6Vs7loV30g==",
      "dev": true,
      "requires": {
        "semver": "^6.3.0"
      },
      "dependencies": {
        "semver": {
          "version": "6.3.0",
          "bundled": true,
          "dev": true
        }
      }
    },
    "@aws-cdk/region-info": {
      "version": "1.13.1",
      "resolved": "https://registry.npmjs.org/@aws-cdk/region-info/-/region-info-1.13.1.tgz",
      "integrity": "sha512-JdTlOW3Ku7RVH3rY+rxhAGX4afyALmtCchIlRnCqqYZb+sj/7V086UauCsAKP4A31EitxMca/BWMDGInTBLGyg==",
      "dev": true
    },
    "buffer-from": {
      "version": "1.1.1",
      "resolved": "https://registry.npmjs.org/buffer-from/-/buffer-from-1.1.1.tgz",
      "integrity": "sha512-MQcXEUbCKtEo7bhqEs6560Hyd4XaovZlO/k9V3hjVUF/zwW7KBVdSK4gIt/bzwS9MbR5qob+F5jusZsb0YQK2A==",
      "dev": true
    },
    "source-map": {
      "version": "0.6.1",
      "resolved": "https://registry.npmjs.org/source-map/-/source-map-0.6.1.tgz",
      "integrity": "sha512-UjgapumWlbMhkBgzT7Ykc5YXUT46F0iKu8SGXq0bcwP5dz/h0Plj6enJqjz1Zbq2l5WaqYnrVbwWOWMyF3F47g==",
      "dev": true
    },
    "source-map-support": {
      "version": "0.5.13",
      "resolved": "https://registry.npmjs.org/source-map-support/-/source-map-support-0.5.13.tgz",
      "integrity": "sha512-SHSKFHadjVA5oR4PPqhtAVdcBWwRYVd6g6cAXnIbRiIwc2EhPrTuKUBdSLvlEKyIP3GCf89fltvcZiP9MMFA1w==",
      "dev": true,
      "requires": {
        "buffer-from": "^1.0.0",
        "source-map": "^0.6.0"
      }
    },
    "typescript": {
      "version": "3.6.4",
      "resolved": "https://registry.npmjs.org/typescript/-/typescript-3.6.4.tgz",
      "integrity": "sha512-unoCll1+l+YK4i4F8f22TaNVPRHcD9PA3yCuZ8g5e0qGqlVlJ/8FSateOLLSagn+Yg5+ZwuPkL8LFUc0Jcvksg==",
      "dev": true
    }
  }
}
